
Microsoft Visual Studio Solution File, Format Version 12.00
# Visual Studio Version 16
VisualStudioVersion = 16.0.31424.327
MinimumVisualStudioVersion = 10.0.40219.1
Project("{8BC9CEB8-8B4A-11D0-8D11-00A0C91BC942}") = "aisd-main", "aisd-main\aisd-main.vcxproj", "{D863C41D-0DA4-4AD7-ACC6-F1EBEDA76B78}"
EndProject
Project("{8BC9CEB8-8B4A-11D0-8D11-00A0C91BC942}") = "aisd-data-structures", "aisd-data-structures\aisd-data-structures.vcxproj", "{A0AAF973-B69F-4596-B7FE-9D62D4CFE0E2}"
EndProject
Global
	GlobalSection(SolutionConfigurationPlatforms) = preSolution
		Debug|x64 = Debug|x64
		Debug|x86 = Debug|x86
		Release|x64 = Release|x64
		Release|x86 = Release|x86
	EndGlobalSection
	GlobalSection(ProjectConfigurationPlatforms) = postSolution
		{D863C41D-0DA4-4AD7-ACC6-F1EBEDA76B78}.Debug|x64.ActiveCfg = Debug|x64
		{D863C41D-0DA4-4AD7-ACC6-F1EBEDA76B78}.Debug|x64.Build.0 = Debug|x64
		{D863C41D-0DA4-4AD7-ACC6-F1EBEDA76B78}.Debug|x86.ActiveCfg = Debug|Win32
		{D863C41D-0DA4-4AD7-ACC6-F1EBEDA76B78}.Debug|x86.Build.0 = Debug|Win32
		{D863C41D-0DA4-4AD7-ACC6-F1EBEDA76B78}.Release|x64.ActiveCfg = Release|x64
		{D863C41D-0DA4-4AD7-ACC6-F1EBEDA76B78}.Release|x64.Build.0 = Release|x64
		{D863C41D-0DA4-4AD7-ACC6-F1EBEDA76B78}.Release|x86.ActiveCfg = Release|Win32
		{D863C41D-0DA4-4AD7-ACC6-F1EBEDA76B78}.Release|x86.Build.0 = Release|Win32
		{A0AAF973-B69F-4596-B7FE-9D62D4CFE0E2}.Debug|x64.ActiveCfg = Debug|x64
		{A0AAF973-B69F-4596-B7FE-9D62D4CFE0E2}.Debug|x64.Build.0 = Debug|x64
		{A0AAF973-B69F-4596-B7FE-9D62D4CFE0E2}.Debug|x86.ActiveCfg = Debug|Win32
		{A0AAF973-B69F-4596-B7FE-9D62D4CFE0E2}.Debug|x86.Build.0 = Debug|Win32
		{A0AAF973-B69F-4596-B7FE-9D62D4CFE0E2}.Release|x64.ActiveCfg = Release|x64
		{A0AAF973-B69F-4596-B7FE-9D62D4CFE0E2}.Release|x64.Build.0 = Release|x64
		{A0AAF973-B69F-4596-B7FE-9D62D4CFE0E2}.Release|x86.ActiveCfg = Release|Win32
		{A0AAF973-B69F-4596-B7FE-9D62D4CFE0E2}.Release|x86.Build.0 = Release|Win32
	EndGlobalSection
	GlobalSection(SolutionProperties) = preSolution
		HideSolutionNode = FALSE
	EndGlobalSection
	GlobalSection(ExtensibilityGlobals) = postSolution
		SolutionGuid = {ADBF077B-BF53-439E-9977-140E85A97B15}
	EndGlobalSection
EndGlobal
